
Microsoft Visual Studio Solution File, Format Version 12.00
# Visual Studio Version 17
VisualStudioVersion = 17.3.32825.248
MinimumVisualStudioVersion = 10.0.40219.1
Project("{FAE04EC0-301F-11D3-BF4B-00C04F79EFBC}") = "Calculator2Chisla", "Calculator2Chisla\Calculator2Chisla.csproj", "{66539E0B-DDC6-401A-BAFB-BDBF858C025D}"
EndProject
Global
	GlobalSection(SolutionConfigurationPlatforms) = preSolution
		Debug|Any CPU = Debug|Any CPU
		Release|Any CPU = Release|Any CPU
	EndGlobalSection
	GlobalSection(ProjectConfigurationPlatforms) = postSolution
		{66539E0B-DDC6-401A-BAFB-BDBF858C025D}.Debug|Any CPU.ActiveCfg = Debug|Any CPU
		{66539E0B-DDC6-401A-BAFB-BDBF858C025D}.Debug|Any CPU.Build.0 = Debug|Any CPU
		{66539E0B-DDC6-401A-BAFB-BDBF858C025D}.Release|Any CPU.ActiveCfg = Release|Any CPU
		{66539E0B-DDC6-401A-BAFB-BDBF858C025D}.Release|Any CPU.Build.0 = Release|Any CPU
	EndGlobalSection
	GlobalSection(SolutionProperties) = preSolution
		HideSolutionNode = FALSE
	EndGlobalSection
	GlobalSection(ExtensibilityGlobals) = postSolution
		SolutionGuid = {6B276389-A65E-4D49-BDFF-C8507197356C}
	EndGlobalSection
EndGlobal
